
Microsoft Visual Studio Solution File, Format Version 12.00
# Visual Studio 15
VisualStudioVersion = 15.0.26124.0
MinimumVisualStudioVersion = 15.0.26124.0
Project("{FAE04EC0-301F-11D3-BF4B-00C04F79EFBC}") = "Todo.Domain", "Todo.Domain\Todo.Domain.csproj", "{F154E0DA-B315-48FF-956A-80584C5542F3}"
EndProject
Project("{FAE04EC0-301F-11D3-BF4B-00C04F79EFBC}") = "Todo.Domain.Api", "Todo.Domain.Api\Todo.Domain.Api.csproj", "{182950E0-94AD-4156-8F13-4185234E16FC}"
EndProject
Project("{FAE04EC0-301F-11D3-BF4B-00C04F79EFBC}") = "Todo.Domain.Infra", "Todo.Domain.Infra\Todo.Domain.Infra.csproj", "{0FA18F7D-7BF2-4558-938A-AC8384963A79}"
EndProject
Project("{FAE04EC0-301F-11D3-BF4B-00C04F79EFBC}") = "Todo.Domain.Tests", "Todo.Domain.Tests\Todo.Domain.Tests.csproj", "{C80173D3-DA8F-45D7-B224-73037408DCB9}"
EndProject
Global
	GlobalSection(SolutionConfigurationPlatforms) = preSolution
		Debug|Any CPU = Debug|Any CPU
		Debug|x64 = Debug|x64
		Debug|x86 = Debug|x86
		Release|Any CPU = Release|Any CPU
		Release|x64 = Release|x64
		Release|x86 = Release|x86
	EndGlobalSection
	GlobalSection(SolutionProperties) = preSolution
		HideSolutionNode = FALSE
	EndGlobalSection
	GlobalSection(ProjectConfigurationPlatforms) = postSolution
		{F154E0DA-B315-48FF-956A-80584C5542F3}.Debug|Any CPU.ActiveCfg = Debug|Any CPU
		{F154E0DA-B315-48FF-956A-80584C5542F3}.Debug|Any CPU.Build.0 = Debug|Any CPU
		{F154E0DA-B315-48FF-956A-80584C5542F3}.Debug|x64.ActiveCfg = Debug|Any CPU
		{F154E0DA-B315-48FF-956A-80584C5542F3}.Debug|x64.Build.0 = Debug|Any CPU
		{F154E0DA-B315-48FF-956A-80584C5542F3}.Debug|x86.ActiveCfg = Debug|Any CPU
		{F154E0DA-B315-48FF-956A-80584C5542F3}.Debug|x86.Build.0 = Debug|Any CPU
		{F154E0DA-B315-48FF-956A-80584C5542F3}.Release|Any CPU.ActiveCfg = Release|Any CPU
		{F154E0DA-B315-48FF-956A-80584C5542F3}.Release|Any CPU.Build.0 = Release|Any CPU
		{F154E0DA-B315-48FF-956A-80584C5542F3}.Release|x64.ActiveCfg = Release|Any CPU
		{F154E0DA-B315-48FF-956A-80584C5542F3}.Release|x64.Build.0 = Release|Any CPU
		{F154E0DA-B315-48FF-956A-80584C5542F3}.Release|x86.ActiveCfg = Release|Any CPU
		{F154E0DA-B315-48FF-956A-80584C5542F3}.Release|x86.Build.0 = Release|Any CPU
		{182950E0-94AD-4156-8F13-4185234E16FC}.Debug|Any CPU.ActiveCfg = Debug|Any CPU
		{182950E0-94AD-4156-8F13-4185234E16FC}.Debug|Any CPU.Build.0 = Debug|Any CPU
		{182950E0-94AD-4156-8F13-4185234E16FC}.Debug|x64.ActiveCfg = Debug|Any CPU
		{182950E0-94AD-4156-8F13-4185234E16FC}.Debug|x64.Build.0 = Debug|Any CPU
		{182950E0-94AD-4156-8F13-4185234E16FC}.Debug|x86.ActiveCfg = Debug|Any CPU
		{182950E0-94AD-4156-8F13-4185234E16FC}.Debug|x86.Build.0 = Debug|Any CPU
		{182950E0-94AD-4156-8F13-4185234E16FC}.Release|Any CPU.ActiveCfg = Release|Any CPU
		{182950E0-94AD-4156-8F13-4185234E16FC}.Release|Any CPU.Build.0 = Release|Any CPU
		{182950E0-94AD-4156-8F13-4185234E16FC}.Release|x64.ActiveCfg = Release|Any CPU
		{182950E0-94AD-4156-8F13-4185234E16FC}.Release|x64.Build.0 = Release|Any CPU
		{182950E0-94AD-4156-8F13-4185234E16FC}.Release|x86.ActiveCfg = Release|Any CPU
		{182950E0-94AD-4156-8F13-4185234E16FC}.Release|x86.Build.0 = Release|Any CPU
		{0FA18F7D-7BF2-4558-938A-AC8384963A79}.Debug|Any CPU.ActiveCfg = Debug|Any CPU
		{0FA18F7D-7BF2-4558-938A-AC8384963A79}.Debug|Any CPU.Build.0 = Debug|Any CPU
		{0FA18F7D-7BF2-4558-938A-AC8384963A79}.Debug|x64.ActiveCfg = Debug|Any CPU
		{0FA18F7D-7BF2-4558-938A-AC8384963A79}.Debug|x64.Build.0 = Debug|Any CPU
		{0FA18F7D-7BF2-4558-938A-AC8384963A79}.Debug|x86.ActiveCfg = Debug|Any CPU
		{0FA18F7D-7BF2-4558-938A-AC8384963A79}.Debug|x86.Build.0 = Debug|Any CPU
		{0FA18F7D-7BF2-4558-938A-AC8384963A79}.Release|Any CPU.ActiveCfg = Release|Any CPU
		{0FA18F7D-7BF2-4558-938A-AC8384963A79}.Release|Any CPU.Build.0 = Release|Any CPU
		{0FA18F7D-7BF2-4558-938A-AC8384963A79}.Release|x64.ActiveCfg = Release|Any CPU
		{0FA18F7D-7BF2-4558-938A-AC8384963A79}.Release|x64.Build.0 = Release|Any CPU
		{0FA18F7D-7BF2-4558-938A-AC8384963A79}.Release|x86.ActiveCfg = Release|Any CPU
		{0FA18F7D-7BF2-4558-938A-AC8384963A79}.Release|x86.Build.0 = Release|Any CPU
		{C80173D3-DA8F-45D7-B224-73037408DCB9}.Debug|Any CPU.ActiveCfg = Debug|Any CPU
		{C80173D3-DA8F-45D7-B224-73037408DCB9}.Debug|Any CPU.Build.0 = Debug|Any CPU
		{C80173D3-DA8F-45D7-B224-73037408DCB9}.Debug|x64.ActiveCfg = Debug|Any CPU
		{C80173D3-DA8F-45D7-B224-73037408DCB9}.Debug|x64.Build.0 = Debug|Any CPU
		{C80173D3-DA8F-45D7-B224-73037408DCB9}.Debug|x86.ActiveCfg = Debug|Any CPU
		{C80173D3-DA8F-45D7-B224-73037408DCB9}.Debug|x86.Build.0 = Debug|Any CPU
		{C80173D3-DA8F-45D7-B224-73037408DCB9}.Release|Any CPU.ActiveCfg = Release|Any CPU
		{C80173D3-DA8F-45D7-B224-73037408DCB9}.Release|Any CPU.Build.0 = Release|Any CPU
		{C80173D3-DA8F-45D7-B224-73037408DCB9}.Release|x64.ActiveCfg = Release|Any CPU
		{C80173D3-DA8F-45D7-B224-73037408DCB9}.Release|x64.Build.0 = Release|Any CPU
		{C80173D3-DA8F-45D7-B224-73037408DCB9}.Release|x86.ActiveCfg = Release|Any CPU
		{C80173D3-DA8F-45D7-B224-73037408DCB9}.Release|x86.Build.0 = Release|Any CPU
	EndGlobalSection
EndGlobal
